
Microsoft Visual Studio Solution File, Format Version 12.00
# Visual Studio Version 16
VisualStudioVersion = 16.0.31729.503
MinimumVisualStudioVersion = 10.0.40219.1
Project("{FAE04EC0-301F-11D3-BF4B-00C04F79EFBC}") = "Assessment2_38008955", "Assessment2_38008955\Assessment2_38008955.csproj", "{01A863C3-6A85-4BB5-BDA5-D4393B1901EA}"
EndProject
Global
	GlobalSection(SolutionConfigurationPlatforms) = preSolution
		Debug|Any CPU = Debug|Any CPU
		Release|Any CPU = Release|Any CPU
	EndGlobalSection
	GlobalSection(ProjectConfigurationPlatforms) = postSolution
		{01A863C3-6A85-4BB5-BDA5-D4393B1901EA}.Debug|Any CPU.ActiveCfg = Debug|Any CPU
		{01A863C3-6A85-4BB5-BDA5-D4393B1901EA}.Debug|Any CPU.Build.0 = Debug|Any CPU
		{01A863C3-6A85-4BB5-BDA5-D4393B1901EA}.Release|Any CPU.ActiveCfg = Release|Any CPU
		{01A863C3-6A85-4BB5-BDA5-D4393B1901EA}.Release|Any CPU.Build.0 = Release|Any CPU
	EndGlobalSection
	GlobalSection(SolutionProperties) = preSolution
		HideSolutionNode = FALSE
	EndGlobalSection
	GlobalSection(ExtensibilityGlobals) = postSolution
		SolutionGuid = {565B2EEB-95AE-48CE-A629-EA26159E58B1}
	EndGlobalSection
EndGlobal
